// !$*UTF8*$!
{
	archiveVersion = 1;
	classes = {
	};
	objectVersion = 46;
	objects = {

/* Begin PBXBuildFile section */
		1AC7C0FD1A9336090085F37F /* AppDelegate.swift in Sources */ = {isa = PBXBuildFile; fileRef = 1AC7C0FC1A9336090085F37F /* AppDelegate.swift */; };
		1AC7C1041A9336090085F37F /* Main.storyboard in Resources */ = {isa = PBXBuildFile; fileRef = 1AC7C1021A9336090085F37F /* Main.storyboard */; };
		1AC7C1061A9336090085F37F /* Images.xcassets in Resources */ = {isa = PBXBuildFile; fileRef = 1AC7C1051A9336090085F37F /* Images.xcassets */; };
		1AC7C1091A9336090085F37F /* LaunchScreen.xib in Resources */ = {isa = PBXBuildFile; fileRef = 1AC7C1071A9336090085F37F /* LaunchScreen.xib */; };
		1AC7C1151A93360A0085F37F /* PlsPlayTests.swift in Sources */ = {isa = PBXBuildFile; fileRef = 1AC7C1141A93360A0085F37F /* PlsPlayTests.swift */; };
		1AC7C1211A93384A0085F37F /* NavController.swift in Sources */ = {isa = PBXBuildFile; fileRef = 1AC7C1201A93384A0085F37F /* NavController.swift */; };
		1AC7C1231A9339670085F37F /* PlaylistController.swift in Sources */ = {isa = PBXBuildFile; fileRef = 1AC7C1221A9339670085F37F /* PlaylistController.swift */; };
/* End PBXBuildFile section */

/* Begin PBXContainerItemProxy section */
		1AC7C10F1A93360A0085F37F /* PBXContainerItemProxy */ = {
			isa = PBXContainerItemProxy;
			containerPortal = 1AC7C0EF1A9336080085F37F /* Project object */;
			proxyType = 1;
			remoteGlobalIDString = 1AC7C0F61A9336090085F37F;
			remoteInfo = PlsPlay;
		};
/* End PBXContainerItemProxy section */

/* Begin PBXFileReference section */
		1AC7C0F71A9336090085F37F /* PlsPlay.app */ = {isa = PBXFileReference; explicitFileType = wrapper.application; includeInIndex = 0; path = PlsPlay.app; sourceTree = BUILT_PRODUCTS_DIR; };
		1AC7C0FB1A9336090085F37F /* Info.plist */ = {isa = PBXFileReference; lastKnownFileType = text.plist.xml; path = Info.plist; sourceTree = "<group>"; };
		1AC7C0FC1A9336090085F37F /* AppDelegate.swift */ = {isa = PBXFileReference; lastKnownFileType = sourcecode.swift; path = AppDelegate.swift; sourceTree = "<group>"; };
		1AC7C1031A9336090085F37F /* Base */ = {isa = PBXFileReference; lastKnownFileType = file.storyboard; name = Base; path = Base.lproj/Main.storyboard; sourceTree = "<group>"; };
		1AC7C1051A9336090085F37F /* Images.xcassets */ = {isa = PBXFileReference; lastKnownFileType = folder.assetcatalog; path = Images.xcassets; sourceTree = "<group>"; };
		1AC7C1081A9336090085F37F /* Base */ = {isa = PBXFileReference; lastKnownFileType = file.xib; name = Base; path = Base.lproj/LaunchScreen.xib; sourceTree = "<group>"; };
		1AC7C10E1A93360A0085F37F /* PlsPlayTests.xctest */ = {isa = PBXFileReference; explicitFileType = wrapper.cfbundle; includeInIndex = 0; path = PlsPlayTests.xctest; sourceTree = BUILT_PRODUCTS_DIR; };
		1AC7C1131A93360A0085F37F /* Info.plist */ = {isa = PBXFileReference; lastKnownFileType = text.plist.xml; path = Info.plist; sourceTree = "<group>"; };
		1AC7C1141A93360A0085F37F /* PlsPlayTests.swift */ = {isa = PBXFileReference; lastKnownFileType = sourcecode.swift; path = PlsPlayTests.swift; sourceTree = "<group>"; };
		1AC7C1201A93384A0085F37F /* NavController.swift */ = {isa = PBXFileReference; fileEncoding = 4; lastKnownFileType = sourcecode.swift; name = NavController.swift; path = Controllers/NavController.swift; sourceTree = "<group>"; };
		1AC7C1221A9339670085F37F /* PlaylistController.swift */ = {isa = PBXFileReference; fileEncoding = 4; lastKnownFileType = sourcecode.swift; name = PlaylistController.swift; path = Controllers/PlaylistController.swift; sourceTree = "<group>"; };
/* End PBXFileReference section */

/* Begin PBXFrameworksBuildPhase section */
		1AC7C0F41A9336090085F37F /* Frameworks */ = {
			isa = PBXFrameworksBuildPhase;
			buildActionMask = 2147483647;
			files = (
			);
			runOnlyForDeploymentPostprocessing = 0;
		};
		1AC7C10B1A93360A0085F37F /* Frameworks */ = {
			isa = PBXFrameworksBuildPhase;
			buildActionMask = 2147483647;
			files = (
			);
			runOnlyForDeploymentPostprocessing = 0;
		};
/* End PBXFrameworksBuildPhase section */

/* Begin PBXGroup section */
		1AC7C0EE1A9336080085F37F = {
			isa = PBXGroup;
			children = (
				1AC7C0F91A9336090085F37F /* PlsPlay */,
				1AC7C1111A93360A0085F37F /* PlsPlayTests */,
				1AC7C0F81A9336090085F37F /* Products */,
			);
			sourceTree = "<group>";
		};
		1AC7C0F81A9336090085F37F /* Products */ = {
			isa = PBXGroup;
			children = (
				1AC7C0F71A9336090085F37F /* PlsPlay.app */,
				1AC7C10E1A93360A0085F37F /* PlsPlayTests.xctest */,
			);
			name = Products;
			sourceTree = "<group>";
		};
		1AC7C0F91A9336090085F37F /* PlsPlay */ = {
			isa = PBXGroup;
			children = (
				1AC7C11E1A9337FF0085F37F /* Controllers */,
				1AC7C0FC1A9336090085F37F /* AppDelegate.swift */,
				1AC7C1021A9336090085F37F /* Main.storyboard */,
				1AC7C1051A9336090085F37F /* Images.xcassets */,
				1AC7C1071A9336090085F37F /* LaunchScreen.xib */,
				1AC7C0FA1A9336090085F37F /* Supporting Files */,
			);
			path = PlsPlay;
			sourceTree = "<group>";
		};
		1AC7C0FA1A9336090085F37F /* Supporting Files */ = {
			isa = PBXGroup;
			children = (
				1AC7C0FB1A9336090085F37F /* Info.plist */,
			);
			name = "Supporting Files";
			sourceTree = "<group>";
		};
		1AC7C1111A93360A0085F37F /* PlsPlayTests */ = {
			isa = PBXGroup;
			children = (
				1AC7C1141A93360A0085F37F /* PlsPlayTests.swift */,
				1AC7C1121A93360A0085F37F /* Supporting Files */,
			);
			path = PlsPlayTests;
			sourceTree = "<group>";
		};
		1AC7C1121A93360A0085F37F /* Supporting Files */ = {
			isa = PBXGroup;
			children = (
				1AC7C1131A93360A0085F37F /* Info.plist */,
			);
			name = "Supporting Files";
			sourceTree = "<group>";
		};
		1AC7C11E1A9337FF0085F37F /* Controllers */ = {
			isa = PBXGroup;
			children = (
				1AC7C1201A93384A0085F37F /* NavController.swift */,
				1AC7C1221A9339670085F37F /* PlaylistController.swift */,
			);
			name = Controllers;
			sourceTree = "<group>";
		};
/* End PBXGroup section */

/* Begin PBXNativeTarget section */
		1AC7C0F61A9336090085F37F /* PlsPlay */ = {
			isa = PBXNativeTarget;
			buildConfigurationList = 1AC7C1181A93360C0085F37F /* Build configuration list for PBXNativeTarget "PlsPlay" */;
			buildPhases = (
				1AC7C0F31A9336090085F37F /* Sources */,
				1AC7C0F41A9336090085F37F /* Frameworks */,
				1AC7C0F51A9336090085F37F /* Resources */,
			);
			buildRules = (
			);
			dependencies = (
			);
			name = PlsPlay;
			productName = PlsPlay;
			productReference = 1AC7C0F71A9336090085F37F /* PlsPlay.app */;
			productType = "com.apple.product-type.application";
		};
		1AC7C10D1A93360A0085F37F /* PlsPlayTests */ = {
			isa = PBXNativeTarget;
			buildConfigurationList = 1AC7C11B1A93360C0085F37F /* Build configuration list for PBXNativeTarget "PlsPlayTests" */;
			buildPhases = (
				1AC7C10A1A93360A0085F37F /* Sources */,
				1AC7C10B1A93360A0085F37F /* Frameworks */,
				1AC7C10C1A93360A0085F37F /* Resources */,
			);
			buildRules = (
			);
			dependencies = (
				1AC7C1101A93360A0085F37F /* PBXTargetDependency */,
			);
			name = PlsPlayTests;
			productName = PlsPlayTests;
			productReference = 1AC7C10E1A93360A0085F37F /* PlsPlayTests.xctest */;
			productType = "com.apple.product-type.bundle.unit-test";
		};
/* End PBXNativeTarget section */

/* Begin PBXProject section */
		1AC7C0EF1A9336080085F37F /* Project object */ = {
			isa = PBXProject;
			attributes = {
				LastUpgradeCheck = 0620;
				ORGANIZATIONNAME = "i.S.X. Software";
				TargetAttributes = {
					1AC7C0F61A9336090085F37F = {
						CreatedOnToolsVersion = 6.2;
					};
					1AC7C10D1A93360A0085F37F = {
						CreatedOnToolsVersion = 6.2;
						TestTargetID = 1AC7C0F61A9336090085F37F;
					};
				};
			};
			buildConfigurationList = 1AC7C0F21A9336080085F37F /* Build configuration list for PBXProject "PlsPlay" */;
			compatibilityVersion = "Xcode 3.2";
			developmentRegion = English;
			hasScannedForEncodings = 0;
			knownRegions = (
				en,
				Base,
			);
			mainGroup = 1AC7C0EE1A9336080085F37F;
			productRefGroup = 1AC7C0F81A9336090085F37F /* Products */;
			projectDirPath = "";
			projectRoot = "";
			targets = (
				1AC7C0F61A9336090085F37F /* PlsPlay */,
				1AC7C10D1A93360A0085F37F /* PlsPlayTests */,
			);
		};
/* End PBXProject section */

/* Begin PBXResourcesBuildPhase section */
		1AC7C0F51A9336090085F37F /* Resources */ = {
			isa = PBXResourcesBuildPhase;
			buildActionMask = 2147483647;
			files = (
				1AC7C1041A9336090085F37F /* Main.storyboard in Resources */,
				1AC7C1091A9336090085F37F /* LaunchScreen.xib in Resources */,
				1AC7C1061A9336090085F37F /* Images.xcassets in Resources */,
			);
			runOnlyForDeploymentPostprocessing = 0;
		};
		1AC7C10C1A93360A0085F37F /* Resources */ = {
			isa = PBXResourcesBuildPhase;
			buildActionMask = 2147483647;
			files = (
			);
			runOnlyForDeploymentPostprocessing = 0;
		};
/* End PBXResourcesBuildPhase section */

/* Begin PBXSourcesBuildPhase section */
		1AC7C0F31A9336090085F37F /* Sources */ = {
			isa = PBXSourcesBuildPhase;
			buildActionMask = 2147483647;
			files = (
				1AC7C0FD1A9336090085F37F /* AppDelegate.swift in Sources */,
				1AC7C1211A93384A0085F37F /* NavController.swift in Sources */,
				1AC7C1231A9339670085F37F /* PlaylistController.swift in Sources */,
			);
			runOnlyForDeploymentPostprocessing = 0;
		};
		1AC7C10A1A93360A0085F37F /* Sources */ = {
			isa = PBXSourcesBuildPhase;
			buildActionMask = 2147483647;
			files = (
				1AC7C1151A93360A0085F37F /* PlsPlayTests.swift in Sources */,
			);
			runOnlyForDeploymentPostprocessing = 0;
		};
/* End PBXSourcesBuildPhase section */

/* Begin PBXTargetDependency section */
		1AC7C1101A93360A0085F37F /* PBXTargetDependency */ = {
			isa = PBXTargetDependency;
			target = 1AC7C0F61A9336090085F37F /* PlsPlay */;
			targetProxy = 1AC7C10F1A93360A0085F37F /* PBXContainerItemProxy */;
		};
/* End PBXTargetDependency section */

/* Begin PBXVariantGroup section */
		1AC7C1021A9336090085F37F /* Main.storyboard */ = {
			isa = PBXVariantGroup;
			children = (
				1AC7C1031A9336090085F37F /* Base */,
			);
			name = Main.storyboard;
			sourceTree = "<group>";
		};
		1AC7C1071A9336090085F37F /* LaunchScreen.xib */ = {
			isa = PBXVariantGroup;
			children = (
				1AC7C1081A9336090085F37F /* Base */,
			);
			name = LaunchScreen.xib;
			sourceTree = "<group>";
		};
/* End PBXVariantGroup section */

/* Begin XCBuildConfiguration section */
		1AC7C1161A93360B0085F37F /* Debug */ = {
			isa = XCBuildConfiguration;
			buildSettings = {
				ALWAYS_SEARCH_USER_PATHS = NO;
				CLANG_CXX_LANGUAGE_STANDARD = "gnu++0x";
				CLANG_CXX_LIBRARY = "libc++";
				CLANG_ENABLE_MODULES = YES;
				CLANG_ENABLE_OBJC_ARC = YES;
				CLANG_WARN_BOOL_CONVERSION = YES;
				CLANG_WARN_CONSTANT_CONVERSION = YES;
				CLANG_WARN_DIRECT_OBJC_ISA_USAGE = YES_ERROR;
				CLANG_WARN_EMPTY_BODY = YES;
				CLANG_WARN_ENUM_CONVERSION = YES;
				CLANG_WARN_INT_CONVERSION = YES;
				CLANG_WARN_OBJC_ROOT_CLASS = YES_ERROR;
				CLANG_WARN_UNREACHABLE_CODE = YES;
				CLANG_WARN__DUPLICATE_METHOD_MATCH = YES;
				"CODE_SIGN_IDENTITY[sdk=iphoneos*]" = "iPhone Developer";
				COPY_PHASE_STRIP = NO;
				ENABLE_STRICT_OBJC_MSGSEND = YES;
				GCC_C_LANGUAGE_STANDARD = gnu99;
				GCC_DYNAMIC_NO_PIC = NO;
				GCC_OPTIMIZATION_LEVEL = 0;
				GCC_PREPROCESSOR_DEFINITIONS = (
					"DEBUG=1",
					"$(inherited)",
				);
				GCC_SYMBOLS_PRIVATE_EXTERN = NO;
				GCC_WARN_64_TO_32_BIT_CONVERSION = YES;
				GCC_WARN_ABOUT_RETURN_TYPE = YES_ERROR;
				GCC_WARN_UNDECLARED_SELECTOR = YES;
				GCC_WARN_UNINITIALIZED_AUTOS = YES_AGGRESSIVE;
				GCC_WARN_UNUSED_FUNCTION = YES;
				GCC_WARN_UNUSED_VARIABLE = YES;
				IPHONEOS_DEPLOYMENT_TARGET = 8.2;
				MTL_ENABLE_DEBUG_INFO = YES;
				ONLY_ACTIVE_ARCH = YES;
				SDKROOT = iphoneos;
				SWIFT_OPTIMIZATION_LEVEL = "-Onone";
				TARGETED_DEVICE_FAMILY = 2;
			};
			name = Debug;
		};
		1AC7C1171A93360B0085F37F /* Release */ = {
			isa = XCBuildConfiguration;
			buildSettings = {
				ALWAYS_SEARCH_USER_PATHS = NO;
				CLANG_CXX_LANGUAGE_STANDARD = "gnu++0x";
				CLANG_CXX_LIBRARY = "libc++";
				CLANG_ENABLE_MODULES = YES;
				CLANG_ENABLE_OBJC_ARC = YES;
				CLANG_WARN_BOOL_CONVERSION = YES;
				CLANG_WARN_CONSTANT_CONVERSION = YES;
				CLANG_WARN_DIRECT_OBJC_ISA_USAGE = YES_ERROR;
				CLANG_WARN_EMPTY_BODY = YES;
				CLANG_WARN_ENUM_CONVERSION = YES;
				CLANG_WARN_INT_CONVERSION = YES;
				CLANG_WARN_OBJC_ROOT_CLASS = YES_ERROR;
				CLANG_WARN_UNREACHABLE_CODE = YES;
				CLANG_WARN__DUPLICATE_METHOD_MATCH = YES;
				"CODE_SIGN_IDENTITY[sdk=iphoneos*]" = "iPhone Developer";
				COPY_PHASE_STRIP = NO;
				ENABLE_NS_ASSERTIONS = NO;
				ENABLE_STRICT_OBJC_MSGSEND = YES;
				GCC_C_LANGUAGE_STANDARD = gnu99;
				GCC_WARN_64_TO_32_BIT_CONVERSION = YES;
				GCC_WARN_ABOUT_RETURN_TYPE = YES_ERROR;
				GCC_WARN_UNDECLARED_SELECTOR = YES;
				GCC_WARN_UNINITIALIZED_AUTOS = YES_AGGRESSIVE;
				GCC_WARN_UNUSED_FUNCTION = YES;
				GCC_WARN_UNUSED_VARIABLE = YES;
				IPHONEOS_DEPLOYMENT_TARGET = 8.2;
				MTL_ENABLE_DEBUG_INFO = NO;
				SDKROOT = iphoneos;
				TARGETED_DEVICE_FAMILY = 2;
				VALIDATE_PRODUCT = YES;
			};
			name = Release;
		};
		1AC7C1191A93360C0085F37F /* Debug */ = {
			isa = XCBuildConfiguration;
			buildSettings = {
				ASSETCATALOG_COMPILER_APPICON_NAME = AppIcon;
				INFOPLIST_FILE = PlsPlay/Info.plist;
				IPHONEOS_DEPLOYMENT_TARGET = 8.0;
				LD_RUNPATH_SEARCH_PATHS = "$(inherited) @executable_path/Frameworks";
				PRODUCT_NAME = "$(TARGET_NAME)";
			};
			name = Debug;
		};
		1AC7C11A1A93360C0085F37F /* Release */ = {
			isa = XCBuildConfiguration;
			buildSettings = {
				ASSETCATALOG_COMPILER_APPICON_NAME = AppIcon;
				INFOPLIST_FILE = PlsPlay/Info.plist;
				IPHONEOS_DEPLOYMENT_TARGET = 8.0;
				LD_RUNPATH_SEARCH_PATHS = "$(inherited) @executable_path/Frameworks";
				PRODUCT_NAME = "$(TARGET_NAME)";
			};
			name = Release;
		};
		1AC7C11C1A93360C0085F37F /* Debug */ = {
			isa = XCBuildConfiguration;
			buildSettings = {
				BUNDLE_LOADER = "$(TEST_HOST)";
				FRAMEWORK_SEARCH_PATHS = (
					"$(SDKROOT)/Developer/Library/Frameworks",
					"$(inherited)",
				);
				GCC_PREPROCESSOR_DEFINITIONS = (
					"DEBUG=1",
					"$(inherited)",
				);
				INFOPLIST_FILE = PlsPlayTests/Info.plist;
				LD_RUNPATH_SEARCH_PATHS = "$(inherited) @executable_path/Frameworks @loader_path/Frameworks";
				PRODUCT_NAME = "$(TARGET_NAME)";
				TEST_HOST = "$(BUILT_PRODUCTS_DIR)/PlsPlay.app/PlsPlay";
			};
			name = Debug;
		};
		1AC7C11D1A93360C0085F37F /* Release */ = {
			isa = XCBuildConfiguration;
			buildSettings = {
				BUNDLE_LOADER = "$(TEST_HOST)";
				FRAMEWORK_SEARCH_PATHS = (
					"$(SDKROOT)/Developer/Library/Frameworks",
					"$(inherited)",
				);
				INFOPLIST_FILE = PlsPlayTests/Info.plist;
				LD_RUNPATH_SEARCH_PATHS = "$(inherited) @executable_path/Frameworks @loader_path/Frameworks";
				PRODUCT_NAME = "$(TARGET_NAME)";
				TEST_HOST = "$(BUILT_PRODUCTS_DIR)/PlsPlay.app/PlsPlay";
			};
			name = Release;
		};
/* End XCBuildConfiguration section */

/* Begin XCConfigurationList section */
		1AC7C0F21A9336080085F37F /* Build configuration list for PBXProject "PlsPlay" */ = {
			isa = XCConfigurationList;
			buildConfigurations = (
				1AC7C1161A93360B0085F37F /* Debug */,
				1AC7C1171A93360B0085F37F /* Release */,
			);
			defaultConfigurationIsVisible = 0;
			defaultConfigurationName = Release;
		};
		1AC7C1181A93360C0085F37F /* Build configuration list for PBXNativeTarget "PlsPlay" */ = {
			isa = XCConfigurationList;
			buildConfigurations = (
				1AC7C1191A93360C0085F37F /* Debug */,
				1AC7C11A1A93360C0085F37F /* Release */,
			);
			defaultConfigurationIsVisible = 0;
		};
		1AC7C11B1A93360C0085F37F /* Build configuration list for PBXNativeTarget "PlsPlayTests" */ = {
			isa = XCConfigurationList;
			buildConfigurations = (
				1AC7C11C1A93360C0085F37F /* Debug */,
				1AC7C11D1A93360C0085F37F /* Release */,
			);
			defaultConfigurationIsVisible = 0;
		};
/* End XCConfigurationList section */
	};
	rootObject = 1AC7C0EF1A9336080085F37F /* Project object */;
}
